{
  "version": 4,
  "terraform_version": "1.5.5",
  "serial": 28,
  "lineage": "9f6555f9-6c10-5be7-2e29-f07a9bc5a6ed",
  "outputs": {},
  "resources": [
    {
      "mode": "managed",
      "type": "google_bigquery_dataset",
      "name": "dataset_iab",
      "provider": "provider[\"registry.terraform.io/hashicorp/google\"]",
      "instances": [
        {
          "schema_version": 0,
          "attributes": {
            "access": [
              {
                "dataset": [],
                "domain": "",
                "group_by_email": "",
                "role": "OWNER",
                "routine": [],
                "special_group": "",
                "user_by_email": "terraform@spring-radar-380614.iam.gserviceaccount.com",
                "view": []
              },
              {
                "dataset": [],
                "domain": "",
                "group_by_email": "",
                "role": "OWNER",
                "routine": [],
                "special_group": "projectOwners",
                "user_by_email": "",
                "view": []
              },
              {
                "dataset": [],
                "domain": "",
                "group_by_email": "",
                "role": "READER",
                "routine": [],
                "special_group": "projectReaders",
                "user_by_email": "",
                "view": []
              },
              {
                "dataset": [],
                "domain": "",
                "group_by_email": "",
                "role": "WRITER",
                "routine": [],
                "special_group": "projectWriters",
                "user_by_email": "",
                "view": []
              }
            ],
            "creation_time": 1696594777115,
            "dataset_id": "iab_classifier_results",
            "default_encryption_configuration": [],
            "default_partition_expiration_ms": 0,
            "default_table_expiration_ms": 3600000,
            "delete_contents_on_destroy": false,
            "description": "Dataset for storing IAB classifier results",
            "etag": "j9vouPvAw8O4ljGlHmc+2g==",
            "friendly_name": "iab_classifier_results",
            "id": "projects/spring-radar-380614/datasets/iab_classifier_results",
            "labels": {},
            "last_modified_time": 1696595052618,
            "location": "us-east1",
            "max_time_travel_hours": "",
            "project": "spring-radar-380614",
            "self_link": "https://bigquery.googleapis.com/bigquery/v2/projects/spring-radar-380614/datasets/iab_classifier_results",
            "timeouts": null
          },
          "sensitive_attributes": [],
          "private": "eyJlMmJmYjczMC1lY2FhLTExZTYtOGY4OC0zNDM2M2JjN2M0YzAiOnsiY3JlYXRlIjoxMjAwMDAwMDAwMDAwLCJkZWxldGUiOjEyMDAwMDAwMDAwMDAsInVwZGF0ZSI6MTIwMDAwMDAwMDAwMH19"
        }
      ]
    },
    {
      "mode": "managed",
      "type": "google_bigquery_table",
      "name": "full_video_transcription_result",
      "provider": "provider[\"registry.terraform.io/hashicorp/google\"]",
      "instances": [
        {
          "schema_version": 0,
          "attributes": {
            "clustering": null,
            "creation_time": 1696615971652,
            "dataset_id": "iab_classifier_results",
            "deletion_protection": false,
            "description": "",
            "encryption_configuration": [],
            "etag": "6XfFqaQc88KoHOMS6ctIJA==",
            "expiration_time": 1696619571652,
            "external_data_configuration": [],
            "friendly_name": "",
            "id": "projects/spring-radar-380614/datasets/iab_classifier_results/tables/full_video_transcription_result",
            "labels": null,
            "last_modified_time": 1696615971713,
            "location": "us-east1",
            "materialized_view": [],
            "num_bytes": 0,
            "num_long_term_bytes": 0,
            "num_rows": 0,
            "project": "spring-radar-380614",
            "range_partitioning": [],
            "schema": "[{\"description\":\"teste\",\"mode\":\"NULLABLE\",\"name\":\"video_id\",\"type\":\"INTEGER\"},{\"description\":\"teste\",\"mode\":\"NULLABLE\",\"name\":\"text\",\"type\":\"STRING\"},{\"description\":\"teste\",\"mode\":\"NULLABLE\",\"name\":\"category\",\"type\":\"STRING\"},{\"description\":\"teste\",\"mode\":\"NULLABLE\",\"name\":\"duration\",\"type\":\"FLOAT\"},{\"description\":\"teste\",\"fields\":[{\"description\":\"teste\",\"mode\":\"NULLABLE\",\"name\":\"id\",\"type\":\"INTEGER\"},{\"description\":\"teste\",\"mode\":\"NULLABLE\",\"name\":\"classifierId\",\"type\":\"STRING\"},{\"description\":\"teste\",\"mode\":\"NULLABLE\",\"name\":\"categoryId\",\"type\":\"STRING\"},{\"description\":\"teste\",\"mode\":\"NULLABLE\",\"name\":\"label\",\"type\":\"STRING\"},{\"description\":\"teste\",\"mode\":\"NULLABLE\",\"name\":\"score\",\"type\":\"FLOAT\"}],\"mode\":\"REPEATED\",\"name\":\"iab_categories\",\"type\":\"RECORD\"}]",
            "self_link": "https://bigquery.googleapis.com/bigquery/v2/projects/spring-radar-380614/datasets/iab_classifier_results/tables/full_video_transcription_result",
            "table_id": "full_video_transcription_result",
            "time_partitioning": [
              {
                "expiration_ms": 0,
                "field": "",
                "require_partition_filter": false,
                "type": "DAY"
              }
            ],
            "type": "TABLE",
            "view": []
          },
          "sensitive_attributes": [],
          "private": "bnVsbA==",
          "dependencies": [
            "google_bigquery_dataset.dataset_iab"
          ]
        }
      ]
    },
    {
      "mode": "managed",
      "type": "google_bigquery_table",
      "name": "segmented_video_transcription_result",
      "provider": "provider[\"registry.terraform.io/hashicorp/google\"]",
      "instances": [
        {
          "schema_version": 0,
          "attributes": {
            "clustering": null,
            "creation_time": 1696615971658,
            "dataset_id": "iab_classifier_results",
            "deletion_protection": false,
            "description": "",
            "encryption_configuration": [],
            "etag": "P/EKEPY8EoTNw+jQXV+4gg==",
            "expiration_time": 1696619571658,
            "external_data_configuration": [],
            "friendly_name": "",
            "id": "projects/spring-radar-380614/datasets/iab_classifier_results/tables/segmented_video_transcription_result",
            "labels": null,
            "last_modified_time": 1696615971715,
            "location": "us-east1",
            "materialized_view": [],
            "num_bytes": 0,
            "num_long_term_bytes": 0,
            "num_rows": 0,
            "project": "spring-radar-380614",
            "range_partitioning": [],
            "schema": "[{\"description\":\"teste\",\"mode\":\"NULLABLE\",\"name\":\"video_id\",\"type\":\"INTEGER\"},{\"description\":\"teste\",\"mode\":\"NULLABLE\",\"name\":\"segment\",\"type\":\"INTEGER\"},{\"description\":\"teste\",\"mode\":\"NULLABLE\",\"name\":\"startTime\",\"type\":\"FLOAT\"},{\"description\":\"teste\",\"mode\":\"NULLABLE\",\"name\":\"endTime\",\"type\":\"FLOAT\"},{\"description\":\"teste\",\"mode\":\"NULLABLE\",\"name\":\"text\",\"type\":\"STRING\"},{\"description\":\"teste\",\"mode\":\"NULLABLE\",\"name\":\"category\",\"type\":\"STRING\"},{\"description\":\"teste\",\"fields\":[{\"description\":\"teste\",\"mode\":\"NULLABLE\",\"name\":\"id\",\"type\":\"INTEGER\"},{\"description\":\"teste\",\"mode\":\"NULLABLE\",\"name\":\"classifierId\",\"type\":\"STRING\"},{\"description\":\"teste\",\"mode\":\"NULLABLE\",\"name\":\"categoryId\",\"type\":\"STRING\"},{\"description\":\"teste\",\"mode\":\"NULLABLE\",\"name\":\"label\",\"type\":\"STRING\"},{\"description\":\"teste\",\"mode\":\"NULLABLE\",\"name\":\"score\",\"type\":\"FLOAT\"}],\"mode\":\"REPEATED\",\"name\":\"iab_categories\",\"type\":\"RECORD\"}]",
            "self_link": "https://bigquery.googleapis.com/bigquery/v2/projects/spring-radar-380614/datasets/iab_classifier_results/tables/segmented_video_transcription_result",
            "table_id": "segmented_video_transcription_result",
            "time_partitioning": [
              {
                "expiration_ms": 0,
                "field": "",
                "require_partition_filter": false,
                "type": "DAY"
              }
            ],
            "type": "TABLE",
            "view": []
          },
          "sensitive_attributes": [],
          "private": "bnVsbA==",
          "dependencies": [
            "google_bigquery_dataset.dataset_iab"
          ]
        }
      ]
    }
  ],
  "check_results": null
}
